<?xml version="1.0" encoding="utf-8"?>
<Project ToolsVersion="4.0" xmlns="http://schemas.microsoft.com/developer/msbuild/2003">
  <ItemGroup>
    <Filter Include="Source Files">
      <UniqueIdentifier>{4FC737F1-C7A5-4376-A066-2A32D752A2FF}</UniqueIdentifier>
      <Extensions>cpp;c;cc;cxx;def;odl;idl;hpj;bat;asm;asmx</Extensions>
    </Filter>
    <Filter Include="Header Files">
      <UniqueIdentifier>{93995380-89BD-4b04-88EB-625FBE52EBFB}</UniqueIdentifier>
      <Extensions>h;hpp;hxx;hm;inl;inc;xsd</Extensions>
    </Filter>
    <Filter Include="Resource Files">
      <UniqueIdentifier>{67DA6AB6-F800-4c08-8B7A-83BB121AAD01}</UniqueIdentifier>
      <Extensions>rc;ico;cur;bmp;dlg;rc2;rct;bin;rgs;gif;jpg;jpeg;jpe;resx;tiff;tif;png;wav;mfcribbon-ms</Extensions>
    </Filter>
    <Filter Include="Source Files\Mappers">
      <UniqueIdentifier>{5b97adf8-6ec6-4d61-936f-5518682052bd}</UniqueIdentifier>
    </Filter>
    <Filter Include="Header Files\Mappers">
      <UniqueIdentifier>{8638085e-4e24-4acd-ad6b-ad881ed49eb2}</UniqueIdentifier>
    </Filter>
  </ItemGroup>
  <ItemGroup>
    <ClCompile Include="main.cpp">
      <Filter>Source Files</Filter>
    </ClCompile>
    <ClCompile Include="memory.cpp">
      <Filter>Source Files</Filter>
    </ClCompile>
    <ClCompile Include="ppu.cpp">
      <Filter>Source Files</Filter>
    </ClCompile>
    <ClCompile Include="cpu.cpp">
      <Filter>Source Files</Filter>
    </ClCompile>
    <ClCompile Include="romhandler.cpp">
      <Filter>Source Files</Filter>
    </ClCompile>
    <ClCompile Include="SDLInterface.cpp">
      <Filter>Source Files</Filter>
    </ClCompile>
    <ClCompile Include="iohandler.cpp">
      <Filter>Source Files</Filter>
    </ClCompile>
    <ClCompile Include="mappers.cpp">
      <Filter>Source Files</Filter>
    </ClCompile>
    <ClCompile Include="Mappers\MapperNROM.cpp">
      <Filter>Source Files\Mappers</Filter>
    </ClCompile>
    <ClCompile Include="Mappers\MapperMMC1.cpp">
      <Filter>Source Files\Mappers</Filter>
    </ClCompile>
    <ClCompile Include="CRCLookups.cpp">
      <Filter>Source Files</Filter>
    </ClCompile>
    <ClCompile Include="Crc32.cpp">
      <Filter>Source Files</Filter>
    </ClCompile>
    <ClCompile Include="Mappers\MapperUxROM.cpp">
      <Filter>Source Files\Mappers</Filter>
    </ClCompile>
    <ClCompile Include="Mappers\MapperAxROM.cpp">
      <Filter>Source Files\Mappers</Filter>
    </ClCompile>
    <ClCompile Include="Mappers\MapperCNROM.cpp">
      <Filter>Source Files\Mappers</Filter>
    </ClCompile>
    <ClCompile Include="Mappers\MapperMMC2.cpp">
      <Filter>Source Files\Mappers</Filter>
    </ClCompile>
    <ClCompile Include="Mappers\MapperMMC4.cpp">
      <Filter>Source Files\Mappers</Filter>
    </ClCompile>
    <ClCompile Include="Mappers\MapperMMC3.cpp">
      <Filter>Source Files\Mappers</Filter>
    </ClCompile>
  </ItemGroup>
  <ItemGroup>
    <ClInclude Include="resource.h">
      <Filter>Header Files</Filter>
    </ClInclude>
    <ClInclude Include="romhandler.h">
      <Filter>Header Files</Filter>
    </ClInclude>
    <ClInclude Include="main.h">
      <Filter>Header Files</Filter>
    </ClInclude>
    <ClInclude Include="memory.h">
      <Filter>Header Files</Filter>
    </ClInclude>
    <ClInclude Include="ppu.h">
      <Filter>Header Files</Filter>
    </ClInclude>
    <ClInclude Include="cpu.h">
      <Filter>Header Files</Filter>
    </ClInclude>
    <ClInclude Include="common.h">
      <Filter>Header Files</Filter>
    </ClInclude>
    <ClInclude Include="SDLInterface.h">
      <Filter>Header Files</Filter>
    </ClInclude>
    <ClInclude Include="iohandler.h">
      <Filter>Header Files</Filter>
    </ClInclude>
    <ClInclude Include="mappers.h">
      <Filter>Header Files</Filter>
    </ClInclude>
    <ClInclude Include="Mappers\MapperNROM.h">
      <Filter>Header Files\Mappers</Filter>
    </ClInclude>
    <ClInclude Include="Mappers\MapperMMC1.h">
      <Filter>Header Files\Mappers</Filter>
    </ClInclude>
    <ClInclude Include="Crc32.h">
      <Filter>Header Files</Filter>
    </ClInclude>
    <ClInclude Include="CRCLookups.h">
      <Filter>Header Files</Filter>
    </ClInclude>
    <ClInclude Include="Mappers\MapperUxROM.h">
      <Filter>Header Files\Mappers</Filter>
    </ClInclude>
    <ClInclude Include="Mappers\MapperAxROM.h">
      <Filter>Header Files\Mappers</Filter>
    </ClInclude>
    <ClInclude Include="Mappers\MapperCNROM.h">
      <Filter>Header Files\Mappers</Filter>
    </ClInclude>
    <ClInclude Include="Mappers\MapperMMC2.h">
      <Filter>Header Files\Mappers</Filter>
    </ClInclude>
    <ClInclude Include="Mappers\MapperMMC4.h">
      <Filter>Header Files\Mappers</Filter>
    </ClInclude>
    <ClInclude Include="Mappers\MapperMMC3.h">
      <Filter>Header Files\Mappers</Filter>
    </ClInclude>
  </ItemGroup>
  <ItemGroup>
    <ResourceCompile Include="refNES.rc">
      <Filter>Resource Files</Filter>
    </ResourceCompile>
  </ItemGroup>
  <ItemGroup>
    <None Include="logo.bmp">
      <Filter>Resource Files</Filter>
    </None>
  </ItemGroup>
</Project>